
Microsoft Visual Studio Solution File, Format Version 12.00
# Visual Studio 15
VisualStudioVersion = 15.0.28307.1082
MinimumVisualStudioVersion = 10.0.40219.1
Project("{FAE04EC0-301F-11D3-BF4B-00C04F79EFBC}") = "PR4_1_2_WF", "PR4_1_2_WF\PR4_1_2_WF.csproj", "{DF98EEBC-EA2A-4052-B2B7-E971943FBB06}"
EndProject
Global
	GlobalSection(SolutionConfigurationPlatforms) = preSolution
		Debug|Any CPU = Debug|Any CPU
		Release|Any CPU = Release|Any CPU
	EndGlobalSection
	GlobalSection(ProjectConfigurationPlatforms) = postSolution
		{DF98EEBC-EA2A-4052-B2B7-E971943FBB06}.Debug|Any CPU.ActiveCfg = Debug|Any CPU
		{DF98EEBC-EA2A-4052-B2B7-E971943FBB06}.Debug|Any CPU.Build.0 = Debug|Any CPU
		{DF98EEBC-EA2A-4052-B2B7-E971943FBB06}.Release|Any CPU.ActiveCfg = Release|Any CPU
		{DF98EEBC-EA2A-4052-B2B7-E971943FBB06}.Release|Any CPU.Build.0 = Release|Any CPU
	EndGlobalSection
	GlobalSection(SolutionProperties) = preSolution
		HideSolutionNode = FALSE
	EndGlobalSection
	GlobalSection(ExtensibilityGlobals) = postSolution
		SolutionGuid = {0F3AE30C-D7C4-4CA5-BA9F-218A4D6D69F5}
	EndGlobalSection
EndGlobal
